// !$*UTF8*$!
{
	archiveVersion = 1;
	classes = {
	};
	objectVersion = 56;
	objects = {

/* Begin PBXBuildFile section */
		3B21D40A2A338B4100CF42D6 /* AddRecipeView.swift in Sources */ = {isa = PBXBuildFile; fileRef = 3B21D4092A338B4100CF42D6 /* AddRecipeView.swift */; };
		3B549B392A3267BD00FE4210 /* CookBooked.xcdatamodeld in Sources */ = {isa = PBXBuildFile; fileRef = 3B549B372A3267BD00FE4210 /* CookBooked.xcdatamodeld */; };
		3B549B3B2A3268D500FE4210 /* RecipeView.swift in Sources */ = {isa = PBXBuildFile; fileRef = 3B549B3A2A3268D500FE4210 /* RecipeView.swift */; };
		3B549B3D2A326A7800FE4210 /* DataController.swift in Sources */ = {isa = PBXBuildFile; fileRef = 3B549B3C2A326A7800FE4210 /* DataController.swift */; };
		3B7E75F32A325116009B6431 /* CookBookedApp.swift in Sources */ = {isa = PBXBuildFile; fileRef = 3B7E75F22A325116009B6431 /* CookBookedApp.swift */; };
		3B7E75F52A325116009B6431 /* ContentView.swift in Sources */ = {isa = PBXBuildFile; fileRef = 3B7E75F42A325116009B6431 /* ContentView.swift */; };
		3B7E75F72A32511A009B6431 /* Assets.xcassets in Resources */ = {isa = PBXBuildFile; fileRef = 3B7E75F62A32511A009B6431 /* Assets.xcassets */; };
		3B7E75FA2A32511A009B6431 /* Preview Assets.xcassets in Resources */ = {isa = PBXBuildFile; fileRef = 3B7E75F92A32511A009B6431 /* Preview Assets.xcassets */; };
/* End PBXBuildFile section */

/* Begin PBXFileReference section */
		3B21D4092A338B4100CF42D6 /* AddRecipeView.swift */ = {isa = PBXFileReference; lastKnownFileType = sourcecode.swift; path = AddRecipeView.swift; sourceTree = "<group>"; };
		3B549B382A3267BD00FE4210 /* CookBooked.xcdatamodel */ = {isa = PBXFileReference; lastKnownFileType = wrapper.xcdatamodel; path = CookBooked.xcdatamodel; sourceTree = "<group>"; };
		3B549B3A2A3268D500FE4210 /* RecipeView.swift */ = {isa = PBXFileReference; lastKnownFileType = sourcecode.swift; path = RecipeView.swift; sourceTree = "<group>"; };
		3B549B3C2A326A7800FE4210 /* DataController.swift */ = {isa = PBXFileReference; lastKnownFileType = sourcecode.swift; path = DataController.swift; sourceTree = "<group>"; };
		3B7E75EF2A325116009B6431 /* CookBooked.app */ = {isa = PBXFileReference; explicitFileType = wrapper.application; includeInIndex = 0; path = CookBooked.app; sourceTree = BUILT_PRODUCTS_DIR; };
		3B7E75F22A325116009B6431 /* CookBookedApp.swift */ = {isa = PBXFileReference; lastKnownFileType = sourcecode.swift; path = CookBookedApp.swift; sourceTree = "<group>"; };
		3B7E75F42A325116009B6431 /* ContentView.swift */ = {isa = PBXFileReference; lastKnownFileType = sourcecode.swift; path = ContentView.swift; sourceTree = "<group>"; };
		3B7E75F62A32511A009B6431 /* Assets.xcassets */ = {isa = PBXFileReference; lastKnownFileType = folder.assetcatalog; path = Assets.xcassets; sourceTree = "<group>"; };
		3B7E75F92A32511A009B6431 /* Preview Assets.xcassets */ = {isa = PBXFileReference; lastKnownFileType = folder.assetcatalog; path = "Preview Assets.xcassets"; sourceTree = "<group>"; };
/* End PBXFileReference section */

/* Begin PBXFrameworksBuildPhase section */
		3B7E75EC2A325116009B6431 /* Frameworks */ = {
			isa = PBXFrameworksBuildPhase;
			buildActionMask = 2147483647;
			files = (
			);
			runOnlyForDeploymentPostprocessing = 0;
		};
/* End PBXFrameworksBuildPhase section */

/* Begin PBXGroup section */
		3B7E75E62A325116009B6431 = {
			isa = PBXGroup;
			children = (
				3B7E75F12A325116009B6431 /* CookBooked */,
				3B7E75F02A325116009B6431 /* Products */,
			);
			sourceTree = "<group>";
		};
		3B7E75F02A325116009B6431 /* Products */ = {
			isa = PBXGroup;
			children = (
				3B7E75EF2A325116009B6431 /* CookBooked.app */,
			);
			name = Products;
			sourceTree = "<group>";
		};
		3B7E75F12A325116009B6431 /* CookBooked */ = {
			isa = PBXGroup;
			children = (
				3B7E75F22A325116009B6431 /* CookBookedApp.swift */,
				3B7E75F42A325116009B6431 /* ContentView.swift */,
				3B21D4092A338B4100CF42D6 /* AddRecipeView.swift */,
				3B549B3A2A3268D500FE4210 /* RecipeView.swift */,
				3B549B372A3267BD00FE4210 /* CookBooked.xcdatamodeld */,
				3B549B3C2A326A7800FE4210 /* DataController.swift */,
				3B7E75F62A32511A009B6431 /* Assets.xcassets */,
				3B7E75F82A32511A009B6431 /* Preview Content */,
			);
			path = CookBooked;
			sourceTree = "<group>";
		};
		3B7E75F82A32511A009B6431 /* Preview Content */ = {
			isa = PBXGroup;
			children = (
				3B7E75F92A32511A009B6431 /* Preview Assets.xcassets */,
			);
			path = "Preview Content";
			sourceTree = "<group>";
		};
/* End PBXGroup section */

/* Begin PBXNativeTarget section */
		3B7E75EE2A325116009B6431 /* CookBooked */ = {
			isa = PBXNativeTarget;
			buildConfigurationList = 3B7E75FD2A32511A009B6431 /* Build configuration list for PBXNativeTarget "CookBooked" */;
			buildPhases = (
				3B7E75EB2A325116009B6431 /* Sources */,
				3B7E75EC2A325116009B6431 /* Frameworks */,
				3B7E75ED2A325116009B6431 /* Resources */,
			);
			buildRules = (
			);
			dependencies = (
			);
			name = CookBooked;
			productName = CookBooked;
			productReference = 3B7E75EF2A325116009B6431 /* CookBooked.app */;
			productType = "com.apple.product-type.application";
		};
/* End PBXNativeTarget section */

/* Begin PBXProject section */
		3B7E75E72A325116009B6431 /* Project object */ = {
			isa = PBXProject;
			attributes = {
				BuildIndependentTargetsInParallel = 1;
				LastSwiftUpdateCheck = 1430;
				LastUpgradeCheck = 1430;
				TargetAttributes = {
					3B7E75EE2A325116009B6431 = {
						CreatedOnToolsVersion = 14.3.1;
					};
				};
			};
			buildConfigurationList = 3B7E75EA2A325116009B6431 /* Build configuration list for PBXProject "CookBooked" */;
			compatibilityVersion = "Xcode 14.0";
			developmentRegion = en;
			hasScannedForEncodings = 0;
			knownRegions = (
				en,
				Base,
			);
			mainGroup = 3B7E75E62A325116009B6431;
			productRefGroup = 3B7E75F02A325116009B6431 /* Products */;
			projectDirPath = "";
			projectRoot = "";
			targets = (
				3B7E75EE2A325116009B6431 /* CookBooked */,
			);
		};
/* End PBXProject section */

/* Begin PBXResourcesBuildPhase section */
		3B7E75ED2A325116009B6431 /* Resources */ = {
			isa = PBXResourcesBuildPhase;
			buildActionMask = 2147483647;
			files = (
				3B7E75FA2A32511A009B6431 /* Preview Assets.xcassets in Resources */,
				3B7E75F72A32511A009B6431 /* Assets.xcassets in Resources */,
			);
			runOnlyForDeploymentPostprocessing = 0;
		};
/* End PBXResourcesBuildPhase section */

/* Begin PBXSourcesBuildPhase section */
		3B7E75EB2A325116009B6431 /* Sources */ = {
			isa = PBXSourcesBuildPhase;
			buildActionMask = 2147483647;
			files = (
				3B549B3D2A326A7800FE4210 /* DataController.swift in Sources */,
				3B7E75F52A325116009B6431 /* ContentView.swift in Sources */,
				3B549B392A3267BD00FE4210 /* CookBooked.xcdatamodeld in Sources */,
				3B21D40A2A338B4100CF42D6 /* AddRecipeView.swift in Sources */,
				3B549B3B2A3268D500FE4210 /* RecipeView.swift in Sources */,
				3B7E75F32A325116009B6431 /* CookBookedApp.swift in Sources */,
			);
			runOnlyForDeploymentPostprocessing = 0;
		};
/* End PBXSourcesBuildPhase section */

/* Begin XCBuildConfiguration section */
		3B7E75FB2A32511A009B6431 /* Debug */ = {
			isa = XCBuildConfiguration;
			buildSettings = {
				ALWAYS_SEARCH_USER_PATHS = NO;
				CLANG_ANALYZER_NONNULL = YES;
				CLANG_ANALYZER_NUMBER_OBJECT_CONVERSION = YES_AGGRESSIVE;
				CLANG_CXX_LANGUAGE_STANDARD = "gnu++20";
				CLANG_ENABLE_MODULES = YES;
				CLANG_ENABLE_OBJC_ARC = YES;
				CLANG_ENABLE_OBJC_WEAK = YES;
				CLANG_WARN_BLOCK_CAPTURE_AUTORELEASING = YES;
				CLANG_WARN_BOOL_CONVERSION = YES;
				CLANG_WARN_COMMA = YES;
				CLANG_WARN_CONSTANT_CONVERSION = YES;
				CLANG_WARN_DEPRECATED_OBJC_IMPLEMENTATIONS = YES;
				CLANG_WARN_DIRECT_OBJC_ISA_USAGE = YES_ERROR;
				CLANG_WARN_DOCUMENTATION_COMMENTS = YES;
				CLANG_WARN_EMPTY_BODY = YES;
				CLANG_WARN_ENUM_CONVERSION = YES;
				CLANG_WARN_INFINITE_RECURSION = YES;
				CLANG_WARN_INT_CONVERSION = YES;
				CLANG_WARN_NON_LITERAL_NULL_CONVERSION = YES;
				CLANG_WARN_OBJC_IMPLICIT_RETAIN_SELF = YES;
				CLANG_WARN_OBJC_LITERAL_CONVERSION = YES;
				CLANG_WARN_OBJC_ROOT_CLASS = YES_ERROR;
				CLANG_WARN_QUOTED_INCLUDE_IN_FRAMEWORK_HEADER = YES;
				CLANG_WARN_RANGE_LOOP_ANALYSIS = YES;
				CLANG_WARN_STRICT_PROTOTYPES = YES;
				CLANG_WARN_SUSPICIOUS_MOVE = YES;
				CLANG_WARN_UNGUARDED_AVAILABILITY = YES_AGGRESSIVE;
				CLANG_WARN_UNREACHABLE_CODE = YES;
				CLANG_WARN__DUPLICATE_METHOD_MATCH = YES;
				COPY_PHASE_STRIP = NO;
				DEBUG_INFORMATION_FORMAT = dwarf;
				ENABLE_STRICT_OBJC_MSGSEND = YES;
				ENABLE_TESTABILITY = YES;
				GCC_C_LANGUAGE_STANDARD = gnu11;
				GCC_DYNAMIC_NO_PIC = NO;
				GCC_NO_COMMON_BLOCKS = YES;
				GCC_OPTIMIZATION_LEVEL = 0;
				GCC_PREPROCESSOR_DEFINITIONS = (
					"DEBUG=1",
					"$(inherited)",
				);
				GCC_WARN_64_TO_32_BIT_CONVERSION = YES;
				GCC_WARN_ABOUT_RETURN_TYPE = YES_ERROR;
				GCC_WARN_UNDECLARED_SELECTOR = YES;
				GCC_WARN_UNINITIALIZED_AUTOS = YES_AGGRESSIVE;
				GCC_WARN_UNUSED_FUNCTION = YES;
				GCC_WARN_UNUSED_VARIABLE = YES;
				IPHONEOS_DEPLOYMENT_TARGET = 16.4;
				MTL_ENABLE_DEBUG_INFO = INCLUDE_SOURCE;
				MTL_FAST_MATH = YES;
				ONLY_ACTIVE_ARCH = YES;
				SDKROOT = iphoneos;
				SWIFT_ACTIVE_COMPILATION_CONDITIONS = DEBUG;
				SWIFT_OPTIMIZATION_LEVEL = "-Onone";
			};
			name = Debug;
		};
		3B7E75FC2A32511A009B6431 /* Release */ = {
			isa = XCBuildConfiguration;
			buildSettings = {
				ALWAYS_SEARCH_USER_PATHS = NO;
				CLANG_ANALYZER_NONNULL = YES;
				CLANG_ANALYZER_NUMBER_OBJECT_CONVERSION = YES_AGGRESSIVE;
				CLANG_CXX_LANGUAGE_STANDARD = "gnu++20";
				CLANG_ENABLE_MODULES = YES;
				CLANG_ENABLE_OBJC_ARC = YES;
				CLANG_ENABLE_OBJC_WEAK = YES;
				CLANG_WARN_BLOCK_CAPTURE_AUTORELEASING = YES;
				CLANG_WARN_BOOL_CONVERSION = YES;
				CLANG_WARN_COMMA = YES;
				CLANG_WARN_CONSTANT_CONVERSION = YES;
				CLANG_WARN_DEPRECATED_OBJC_IMPLEMENTATIONS = YES;
				CLANG_WARN_DIRECT_OBJC_ISA_USAGE = YES_ERROR;
				CLANG_WARN_DOCUMENTATION_COMMENTS = YES;
				CLANG_WARN_EMPTY_BODY = YES;
				CLANG_WARN_ENUM_CONVERSION = YES;
				CLANG_WARN_INFINITE_RECURSION = YES;
				CLANG_WARN_INT_CONVERSION = YES;
				CLANG_WARN_NON_LITERAL_NULL_CONVERSION = YES;
				CLANG_WARN_OBJC_IMPLICIT_RETAIN_SELF = YES;
				CLANG_WARN_OBJC_LITERAL_CONVERSION = YES;
				CLANG_WARN_OBJC_ROOT_CLASS = YES_ERROR;
				CLANG_WARN_QUOTED_INCLUDE_IN_FRAMEWORK_HEADER = YES;
				CLANG_WARN_RANGE_LOOP_ANALYSIS = YES;
				CLANG_WARN_STRICT_PROTOTYPES = YES;
				CLANG_WARN_SUSPICIOUS_MOVE = YES;
				CLANG_WARN_UNGUARDED_AVAILABILITY = YES_AGGRESSIVE;
				CLANG_WARN_UNREACHABLE_CODE = YES;
				CLANG_WARN__DUPLICATE_METHOD_MATCH = YES;
				COPY_PHASE_STRIP = NO;
				DEBUG_INFORMATION_FORMAT = "dwarf-with-dsym";
				ENABLE_NS_ASSERTIONS = NO;
				ENABLE_STRICT_OBJC_MSGSEND = YES;
				GCC_C_LANGUAGE_STANDARD = gnu11;
				GCC_NO_COMMON_BLOCKS = YES;
				GCC_WARN_64_TO_32_BIT_CONVERSION = YES;
				GCC_WARN_ABOUT_RETURN_TYPE = YES_ERROR;
				GCC_WARN_UNDECLARED_SELECTOR = YES;
				GCC_WARN_UNINITIALIZED_AUTOS = YES_AGGRESSIVE;
				GCC_WARN_UNUSED_FUNCTION = YES;
				GCC_WARN_UNUSED_VARIABLE = YES;
				IPHONEOS_DEPLOYMENT_TARGET = 16.4;
				MTL_ENABLE_DEBUG_INFO = NO;
				MTL_FAST_MATH = YES;
				SDKROOT = iphoneos;
				SWIFT_COMPILATION_MODE = wholemodule;
				SWIFT_OPTIMIZATION_LEVEL = "-O";
				VALIDATE_PRODUCT = YES;
			};
			name = Release;
		};
		3B7E75FE2A32511A009B6431 /* Debug */ = {
			isa = XCBuildConfiguration;
			buildSettings = {
				ASSETCATALOG_COMPILER_APPICON_NAME = AppIcon;
				ASSETCATALOG_COMPILER_GLOBAL_ACCENT_COLOR_NAME = AccentColor;
				CODE_SIGN_STYLE = Automatic;
				CURRENT_PROJECT_VERSION = 1;
				DEVELOPMENT_ASSET_PATHS = "\"CookBooked/Preview Content\"";
				DEVELOPMENT_TEAM = AU78J6ZQ6B;
				ENABLE_PREVIEWS = YES;
				GENERATE_INFOPLIST_FILE = YES;
				INFOPLIST_KEY_UIApplicationSceneManifest_Generation = YES;
				INFOPLIST_KEY_UIApplicationSupportsIndirectInputEvents = YES;
				INFOPLIST_KEY_UILaunchScreen_Generation = YES;
				INFOPLIST_KEY_UISupportedInterfaceOrientations_iPad = "UIInterfaceOrientationPortrait UIInterfaceOrientationPortraitUpsideDown UIInterfaceOrientationLandscapeLeft UIInterfaceOrientationLandscapeRight";
				INFOPLIST_KEY_UISupportedInterfaceOrientations_iPhone = "UIInterfaceOrientationPortrait UIInterfaceOrientationLandscapeLeft UIInterfaceOrientationLandscapeRight";
				LD_RUNPATH_SEARCH_PATHS = (
					"$(inherited)",
					"@executable_path/Frameworks",
				);
				MARKETING_VERSION = 1.0;
				PRODUCT_BUNDLE_IDENTIFIER = com.schovanec.jakub.CookBooked;
				PRODUCT_NAME = "$(TARGET_NAME)";
				SWIFT_EMIT_LOC_STRINGS = YES;
				SWIFT_VERSION = 5.0;
				TARGETED_DEVICE_FAMILY = "1,2";
			};
			name = Debug;
		};
		3B7E75FF2A32511A009B6431 /* Release */ = {
			isa = XCBuildConfiguration;
			buildSettings = {
				ASSETCATALOG_COMPILER_APPICON_NAME = AppIcon;
				ASSETCATALOG_COMPILER_GLOBAL_ACCENT_COLOR_NAME = AccentColor;
				CODE_SIGN_STYLE = Automatic;
				CURRENT_PROJECT_VERSION = 1;
				DEVELOPMENT_ASSET_PATHS = "\"CookBooked/Preview Content\"";
				DEVELOPMENT_TEAM = AU78J6ZQ6B;
				ENABLE_PREVIEWS = YES;
				GENERATE_INFOPLIST_FILE = YES;
				INFOPLIST_KEY_UIApplicationSceneManifest_Generation = YES;
				INFOPLIST_KEY_UIApplicationSupportsIndirectInputEvents = YES;
				INFOPLIST_KEY_UILaunchScreen_Generation = YES;
				INFOPLIST_KEY_UISupportedInterfaceOrientations_iPad = "UIInterfaceOrientationPortrait UIInterfaceOrientationPortraitUpsideDown UIInterfaceOrientationLandscapeLeft UIInterfaceOrientationLandscapeRight";
				INFOPLIST_KEY_UISupportedInterfaceOrientations_iPhone = "UIInterfaceOrientationPortrait UIInterfaceOrientationLandscapeLeft UIInterfaceOrientationLandscapeRight";
				LD_RUNPATH_SEARCH_PATHS = (
					"$(inherited)",
					"@executable_path/Frameworks",
				);
				MARKETING_VERSION = 1.0;
				PRODUCT_BUNDLE_IDENTIFIER = com.schovanec.jakub.CookBooked;
				PRODUCT_NAME = "$(TARGET_NAME)";
				SWIFT_EMIT_LOC_STRINGS = YES;
				SWIFT_VERSION = 5.0;
				TARGETED_DEVICE_FAMILY = "1,2";
			};
			name = Release;
		};
/* End XCBuildConfiguration section */

/* Begin XCConfigurationList section */
		3B7E75EA2A325116009B6431 /* Build configuration list for PBXProject "CookBooked" */ = {
			isa = XCConfigurationList;
			buildConfigurations = (
				3B7E75FB2A32511A009B6431 /* Debug */,
				3B7E75FC2A32511A009B6431 /* Release */,
			);
			defaultConfigurationIsVisible = 0;
			defaultConfigurationName = Release;
		};
		3B7E75FD2A32511A009B6431 /* Build configuration list for PBXNativeTarget "CookBooked" */ = {
			isa = XCConfigurationList;
			buildConfigurations = (
				3B7E75FE2A32511A009B6431 /* Debug */,
				3B7E75FF2A32511A009B6431 /* Release */,
			);
			defaultConfigurationIsVisible = 0;
			defaultConfigurationName = Release;
		};
/* End XCConfigurationList section */

/* Begin XCVersionGroup section */
		3B549B372A3267BD00FE4210 /* CookBooked.xcdatamodeld */ = {
			isa = XCVersionGroup;
			children = (
				3B549B382A3267BD00FE4210 /* CookBooked.xcdatamodel */,
			);
			currentVersion = 3B549B382A3267BD00FE4210 /* CookBooked.xcdatamodel */;
			path = CookBooked.xcdatamodeld;
			sourceTree = "<group>";
			versionGroupType = wrapper.xcdatamodel;
		};
/* End XCVersionGroup section */
	};
	rootObject = 3B7E75E72A325116009B6431 /* Project object */;
}
